
Microsoft Visual Studio Solution File, Format Version 12.00
# Visual Studio Version 17
VisualStudioVersion = 17.5.33424.131
MinimumVisualStudioVersion = 10.0.40219.1
Project("{9A19103F-16F7-4668-BE54-9A1E7A4F7556}") = "Singleton", "RPPOON_Patterns\Singleton.csproj", "{9279315F-7CE5-46EB-A75F-6EB4BFF2603D}"
EndProject
Project("{9A19103F-16F7-4668-BE54-9A1E7A4F7556}") = "_Runner", "Runner\_Runner.csproj", "{854A0695-9897-4F21-8D8E-5DAE272D3070}"
	ProjectSection(ProjectDependencies) = postProject
		{64DA150E-EE0E-4075-A84B-070F3009FACF} = {64DA150E-EE0E-4075-A84B-070F3009FACF}
		{70FC06AB-9B43-40C6-B6F3-9FB7AE6B58D3} = {70FC06AB-9B43-40C6-B6F3-9FB7AE6B58D3}
		{9279315F-7CE5-46EB-A75F-6EB4BFF2603D} = {9279315F-7CE5-46EB-A75F-6EB4BFF2603D}
	EndProjectSection
EndProject
Project("{9A19103F-16F7-4668-BE54-9A1E7A4F7556}") = "FactoryMethod", "FactoryMethod\FactoryMethod.csproj", "{70FC06AB-9B43-40C6-B6F3-9FB7AE6B58D3}"
EndProject
Project("{9A19103F-16F7-4668-BE54-9A1E7A4F7556}") = "AbstractFactory", "AbstractFactory\AbstractFactory.csproj", "{8B386F63-64B5-4918-B5B5-60A29F07A8F2}"
EndProject
Project("{2150E333-8FDC-42A3-9474-1A3956D46DE8}") = "Solution Items", "Solution Items", "{488A4B30-3C28-42DA-A28B-940F8A245B62}"
	ProjectSection(SolutionItems) = preProject
		.editorconfig = .editorconfig
	EndProjectSection
EndProject
Project("{9A19103F-16F7-4668-BE54-9A1E7A4F7556}") = "Builder", "Builder\Builder.csproj", "{DC8AA4E1-608D-4A77-AA4E-EBAA29F61D07}"
EndProject
Project("{9A19103F-16F7-4668-BE54-9A1E7A4F7556}") = "Prototype", "Prototype\Prototype.csproj", "{E20C6548-5F05-4C42-99F4-9DF09405F8DF}"
EndProject
Project("{9A19103F-16F7-4668-BE54-9A1E7A4F7556}") = "Adapter", "Adapter\Adapter.csproj", "{C68DF936-9A9E-4AE9-B473-F024929AF3BE}"
EndProject
Project("{9A19103F-16F7-4668-BE54-9A1E7A4F7556}") = "Composite", "Composite\Composite.csproj", "{BA4640F9-3191-4739-A0E5-8D5D3E9047F3}"
EndProject
Project("{9A19103F-16F7-4668-BE54-9A1E7A4F7556}") = "Decorator", "Decorator\Decorator.csproj", "{4AB71176-AE64-4410-B979-CC12942E3251}"
EndProject
Project("{9A19103F-16F7-4668-BE54-9A1E7A4F7556}") = "Facade", "Facade\Facade.csproj", "{A13E4AEF-CBEF-417A-801B-8A3AD2DB412B}"
EndProject
Project("{FAE04EC0-301F-11D3-BF4B-00C04F79EFBC}") = "Bridge", "Bridge\Bridge.csproj", "{64DA150E-EE0E-4075-A84B-070F3009FACF}"
EndProject
Global
	GlobalSection(SolutionConfigurationPlatforms) = preSolution
		Debug|Any CPU = Debug|Any CPU
		Release|Any CPU = Release|Any CPU
	EndGlobalSection
	GlobalSection(ProjectConfigurationPlatforms) = postSolution
		{9279315F-7CE5-46EB-A75F-6EB4BFF2603D}.Debug|Any CPU.ActiveCfg = Debug|Any CPU
		{9279315F-7CE5-46EB-A75F-6EB4BFF2603D}.Debug|Any CPU.Build.0 = Debug|Any CPU
		{9279315F-7CE5-46EB-A75F-6EB4BFF2603D}.Release|Any CPU.ActiveCfg = Release|Any CPU
		{9279315F-7CE5-46EB-A75F-6EB4BFF2603D}.Release|Any CPU.Build.0 = Release|Any CPU
		{854A0695-9897-4F21-8D8E-5DAE272D3070}.Debug|Any CPU.ActiveCfg = Debug|Any CPU
		{854A0695-9897-4F21-8D8E-5DAE272D3070}.Debug|Any CPU.Build.0 = Debug|Any CPU
		{854A0695-9897-4F21-8D8E-5DAE272D3070}.Release|Any CPU.ActiveCfg = Release|Any CPU
		{854A0695-9897-4F21-8D8E-5DAE272D3070}.Release|Any CPU.Build.0 = Release|Any CPU
		{70FC06AB-9B43-40C6-B6F3-9FB7AE6B58D3}.Debug|Any CPU.ActiveCfg = Debug|Any CPU
		{70FC06AB-9B43-40C6-B6F3-9FB7AE6B58D3}.Debug|Any CPU.Build.0 = Debug|Any CPU
		{70FC06AB-9B43-40C6-B6F3-9FB7AE6B58D3}.Release|Any CPU.ActiveCfg = Release|Any CPU
		{70FC06AB-9B43-40C6-B6F3-9FB7AE6B58D3}.Release|Any CPU.Build.0 = Release|Any CPU
		{8B386F63-64B5-4918-B5B5-60A29F07A8F2}.Debug|Any CPU.ActiveCfg = Debug|Any CPU
		{8B386F63-64B5-4918-B5B5-60A29F07A8F2}.Debug|Any CPU.Build.0 = Debug|Any CPU
		{8B386F63-64B5-4918-B5B5-60A29F07A8F2}.Release|Any CPU.ActiveCfg = Release|Any CPU
		{8B386F63-64B5-4918-B5B5-60A29F07A8F2}.Release|Any CPU.Build.0 = Release|Any CPU
		{DC8AA4E1-608D-4A77-AA4E-EBAA29F61D07}.Debug|Any CPU.ActiveCfg = Debug|Any CPU
		{DC8AA4E1-608D-4A77-AA4E-EBAA29F61D07}.Debug|Any CPU.Build.0 = Debug|Any CPU
		{DC8AA4E1-608D-4A77-AA4E-EBAA29F61D07}.Release|Any CPU.ActiveCfg = Release|Any CPU
		{DC8AA4E1-608D-4A77-AA4E-EBAA29F61D07}.Release|Any CPU.Build.0 = Release|Any CPU
		{E20C6548-5F05-4C42-99F4-9DF09405F8DF}.Debug|Any CPU.ActiveCfg = Debug|Any CPU
		{E20C6548-5F05-4C42-99F4-9DF09405F8DF}.Debug|Any CPU.Build.0 = Debug|Any CPU
		{E20C6548-5F05-4C42-99F4-9DF09405F8DF}.Release|Any CPU.ActiveCfg = Release|Any CPU
		{E20C6548-5F05-4C42-99F4-9DF09405F8DF}.Release|Any CPU.Build.0 = Release|Any CPU
		{C68DF936-9A9E-4AE9-B473-F024929AF3BE}.Debug|Any CPU.ActiveCfg = Debug|Any CPU
		{C68DF936-9A9E-4AE9-B473-F024929AF3BE}.Debug|Any CPU.Build.0 = Debug|Any CPU
		{C68DF936-9A9E-4AE9-B473-F024929AF3BE}.Release|Any CPU.ActiveCfg = Release|Any CPU
		{C68DF936-9A9E-4AE9-B473-F024929AF3BE}.Release|Any CPU.Build.0 = Release|Any CPU
		{BA4640F9-3191-4739-A0E5-8D5D3E9047F3}.Debug|Any CPU.ActiveCfg = Debug|Any CPU
		{BA4640F9-3191-4739-A0E5-8D5D3E9047F3}.Debug|Any CPU.Build.0 = Debug|Any CPU
		{BA4640F9-3191-4739-A0E5-8D5D3E9047F3}.Release|Any CPU.ActiveCfg = Release|Any CPU
		{BA4640F9-3191-4739-A0E5-8D5D3E9047F3}.Release|Any CPU.Build.0 = Release|Any CPU
		{4AB71176-AE64-4410-B979-CC12942E3251}.Debug|Any CPU.ActiveCfg = Debug|Any CPU
		{4AB71176-AE64-4410-B979-CC12942E3251}.Debug|Any CPU.Build.0 = Debug|Any CPU
		{4AB71176-AE64-4410-B979-CC12942E3251}.Release|Any CPU.ActiveCfg = Release|Any CPU
		{4AB71176-AE64-4410-B979-CC12942E3251}.Release|Any CPU.Build.0 = Release|Any CPU
		{A13E4AEF-CBEF-417A-801B-8A3AD2DB412B}.Debug|Any CPU.ActiveCfg = Debug|Any CPU
		{A13E4AEF-CBEF-417A-801B-8A3AD2DB412B}.Debug|Any CPU.Build.0 = Debug|Any CPU
		{A13E4AEF-CBEF-417A-801B-8A3AD2DB412B}.Release|Any CPU.ActiveCfg = Release|Any CPU
		{A13E4AEF-CBEF-417A-801B-8A3AD2DB412B}.Release|Any CPU.Build.0 = Release|Any CPU
		{64DA150E-EE0E-4075-A84B-070F3009FACF}.Debug|Any CPU.ActiveCfg = Debug|Any CPU
		{64DA150E-EE0E-4075-A84B-070F3009FACF}.Debug|Any CPU.Build.0 = Debug|Any CPU
		{64DA150E-EE0E-4075-A84B-070F3009FACF}.Release|Any CPU.ActiveCfg = Release|Any CPU
		{64DA150E-EE0E-4075-A84B-070F3009FACF}.Release|Any CPU.Build.0 = Release|Any CPU
	EndGlobalSection
	GlobalSection(SolutionProperties) = preSolution
		HideSolutionNode = FALSE
	EndGlobalSection
	GlobalSection(ExtensibilityGlobals) = postSolution
		SolutionGuid = {E9D4BE69-55FB-4F28-80C3-689F1A76A6DC}
	EndGlobalSection
EndGlobal
